
Microsoft Visual Studio Solution File, Format Version 12.00
# Visual Studio 15
VisualStudioVersion = 15.0.27703.2035
MinimumVisualStudioVersion = 10.0.40219.1
Project("{FAE04EC0-301F-11D3-BF4B-00C04F79EFBC}") = "nHapiFirstN35", "nHapiFirstN35\nHapiFirstN35.csproj", "{310AF418-ED8A-43DC-BA0D-AE46E0C4BDFD}"
EndProject
Global
	GlobalSection(SolutionConfigurationPlatforms) = preSolution
		Debug|Any CPU = Debug|Any CPU
		Release|Any CPU = Release|Any CPU
	EndGlobalSection
	GlobalSection(ProjectConfigurationPlatforms) = postSolution
		{310AF418-ED8A-43DC-BA0D-AE46E0C4BDFD}.Debug|Any CPU.ActiveCfg = Debug|Any CPU
		{310AF418-ED8A-43DC-BA0D-AE46E0C4BDFD}.Debug|Any CPU.Build.0 = Debug|Any CPU
		{310AF418-ED8A-43DC-BA0D-AE46E0C4BDFD}.Release|Any CPU.ActiveCfg = Release|Any CPU
		{310AF418-ED8A-43DC-BA0D-AE46E0C4BDFD}.Release|Any CPU.Build.0 = Release|Any CPU
	EndGlobalSection
	GlobalSection(SolutionProperties) = preSolution
		HideSolutionNode = FALSE
	EndGlobalSection
	GlobalSection(ExtensibilityGlobals) = postSolution
		SolutionGuid = {46A86423-8C05-4624-B36F-0FD4F927F518}
	EndGlobalSection
EndGlobal
